{
  "name": "01-fundamentos-nodejs-desafio",
  "version": "1.0.0",
  "lockfileVersion": 3,
  "requires": true,
  "packages": {
    "": {
      "name": "01-fundamentos-nodejs-desafio",
      "version": "1.0.0",
      "license": "ISC",
      "dependencies": {
        "csv-parse": "^5.3.9"
      }
    },
    "node_modules/csv-parse": {
      "version": "5.3.9",
      "resolved": "https://registry.npmjs.org/csv-parse/-/csv-parse-5.3.9.tgz",
      "integrity": "sha512-Nuh09OE1+wG6x5Lu2T+woxlupPAnWJ6Wj9XVYK74gP646e5gDrUsrCws1zz5NbckpQ+jygnxb8xDLj3gfBxi3w=="
    }
  }
}
